
Microsoft Visual Studio Solution File, Format Version 12.00
# Visual Studio 14
VisualStudioVersion = 14.0.25123.0
MinimumVisualStudioVersion = 10.0.40219.1
Project("{FAE04EC0-301F-11D3-BF4B-00C04F79EFBC}") = "Tools4Libraries", "Tools4Libraries.csproj", "{AAD2B1BE-9B2D-455D-8DD4-64E4E84DD985}"
EndProject
Project("{FAE04EC0-301F-11D3-BF4B-00C04F79EFBC}") = "UnitTestProject", "UnitTestProject\UnitTestProject.csproj", "{0AF13185-9976-437D-AEBE-E4B9E5D20DC5}"
EndProject
Global
	GlobalSection(SolutionConfigurationPlatforms) = preSolution
		Debug|Any CPU = Debug|Any CPU
		Debug|x86 = Debug|x86
		Release|Any CPU = Release|Any CPU
		Release|x86 = Release|x86
	EndGlobalSection
	GlobalSection(ProjectConfigurationPlatforms) = postSolution
		{AAD2B1BE-9B2D-455D-8DD4-64E4E84DD985}.Debug|Any CPU.ActiveCfg = Debug|Any CPU
		{AAD2B1BE-9B2D-455D-8DD4-64E4E84DD985}.Debug|Any CPU.Build.0 = Debug|Any CPU
		{AAD2B1BE-9B2D-455D-8DD4-64E4E84DD985}.Debug|x86.ActiveCfg = Debug|Any CPU
		{AAD2B1BE-9B2D-455D-8DD4-64E4E84DD985}.Debug|x86.Build.0 = Debug|Any CPU
		{AAD2B1BE-9B2D-455D-8DD4-64E4E84DD985}.Release|Any CPU.ActiveCfg = Release|Any CPU
		{AAD2B1BE-9B2D-455D-8DD4-64E4E84DD985}.Release|Any CPU.Build.0 = Release|Any CPU
		{AAD2B1BE-9B2D-455D-8DD4-64E4E84DD985}.Release|x86.ActiveCfg = Release|Any CPU
		{AAD2B1BE-9B2D-455D-8DD4-64E4E84DD985}.Release|x86.Build.0 = Release|Any CPU
		{0AF13185-9976-437D-AEBE-E4B9E5D20DC5}.Debug|Any CPU.ActiveCfg = Debug|Any CPU
		{0AF13185-9976-437D-AEBE-E4B9E5D20DC5}.Debug|Any CPU.Build.0 = Debug|Any CPU
		{0AF13185-9976-437D-AEBE-E4B9E5D20DC5}.Debug|x86.ActiveCfg = Debug|Any CPU
		{0AF13185-9976-437D-AEBE-E4B9E5D20DC5}.Debug|x86.Build.0 = Debug|Any CPU
		{0AF13185-9976-437D-AEBE-E4B9E5D20DC5}.Release|Any CPU.ActiveCfg = Release|Any CPU
		{0AF13185-9976-437D-AEBE-E4B9E5D20DC5}.Release|Any CPU.Build.0 = Release|Any CPU
		{0AF13185-9976-437D-AEBE-E4B9E5D20DC5}.Release|x86.ActiveCfg = Release|Any CPU
		{0AF13185-9976-437D-AEBE-E4B9E5D20DC5}.Release|x86.Build.0 = Release|Any CPU
	EndGlobalSection
	GlobalSection(SolutionProperties) = preSolution
		HideSolutionNode = FALSE
	EndGlobalSection
EndGlobal
